
Microsoft Visual Studio Solution File, Format Version 12.00
# Visual Studio Version 16
VisualStudioVersion = 16.0.30002.166
MinimumVisualStudioVersion = 10.0.40219.1
Project("{FAE04EC0-301F-11D3-BF4B-00C04F79EFBC}") = "HeapSort", "HeapSort.csproj", "{71F6FCE0-007C-4D2A-85FE-6BDB127113FC}"
EndProject
Global
	GlobalSection(SolutionConfigurationPlatforms) = preSolution
		Debug|Any CPU = Debug|Any CPU
		Release|Any CPU = Release|Any CPU
	EndGlobalSection
	GlobalSection(ProjectConfigurationPlatforms) = postSolution
		{71F6FCE0-007C-4D2A-85FE-6BDB127113FC}.Debug|Any CPU.ActiveCfg = Debug|Any CPU
		{71F6FCE0-007C-4D2A-85FE-6BDB127113FC}.Debug|Any CPU.Build.0 = Debug|Any CPU
		{71F6FCE0-007C-4D2A-85FE-6BDB127113FC}.Release|Any CPU.ActiveCfg = Release|Any CPU
		{71F6FCE0-007C-4D2A-85FE-6BDB127113FC}.Release|Any CPU.Build.0 = Release|Any CPU
	EndGlobalSection
	GlobalSection(SolutionProperties) = preSolution
		HideSolutionNode = FALSE
	EndGlobalSection
	GlobalSection(ExtensibilityGlobals) = postSolution
		SolutionGuid = {FABC6BEC-B219-4BB0-A5BB-B73C541A61A1}
	EndGlobalSection
EndGlobal
