
Microsoft Visual Studio Solution File, Format Version 12.00
# Visual Studio Version 16
VisualStudioVersion = 16.0.30002.166
MinimumVisualStudioVersion = 10.0.40219.1
Project("{FAE04EC0-301F-11D3-BF4B-00C04F79EFBC}") = "Angajat", "Angajat.csproj", "{08730731-344C-4942-B17E-7D7D01537B3D}"
EndProject
Global
	GlobalSection(SolutionConfigurationPlatforms) = preSolution
		Debug|Any CPU = Debug|Any CPU
		Release|Any CPU = Release|Any CPU
	EndGlobalSection
	GlobalSection(ProjectConfigurationPlatforms) = postSolution
		{08730731-344C-4942-B17E-7D7D01537B3D}.Debug|Any CPU.ActiveCfg = Debug|Any CPU
		{08730731-344C-4942-B17E-7D7D01537B3D}.Debug|Any CPU.Build.0 = Debug|Any CPU
		{08730731-344C-4942-B17E-7D7D01537B3D}.Release|Any CPU.ActiveCfg = Release|Any CPU
		{08730731-344C-4942-B17E-7D7D01537B3D}.Release|Any CPU.Build.0 = Release|Any CPU
	EndGlobalSection
	GlobalSection(SolutionProperties) = preSolution
		HideSolutionNode = FALSE
	EndGlobalSection
	GlobalSection(ExtensibilityGlobals) = postSolution
		SolutionGuid = {F78B7DC5-123A-4C43-B5B2-F5433EB75285}
	EndGlobalSection
EndGlobal
